
Microsoft Visual Studio Solution File, Format Version 12.00
# Visual Studio Version 17
VisualStudioVersion = 17.9.34728.123
MinimumVisualStudioVersion = 10.0.40219.1
Project("{FAE04EC0-301F-11D3-BF4B-00C04F79EFBC}") = "MaloprodajniObjekat", "MaloprodajniObjekat\MaloprodajniObjekat.csproj", "{4000582E-6CDD-4AC4-BC73-F8D45753F0AC}"
EndProject
Project("{9A19103F-16F7-4668-BE54-9A1E7A4F7556}") = "UnitTesting", "UnitTestovi\UnitTesting.csproj", "{6B10A55F-8E20-4DC9-A72A-BB7CCBB335E9}"
EndProject
Global
	GlobalSection(SolutionConfigurationPlatforms) = preSolution
		Debug|Any CPU = Debug|Any CPU
		Release|Any CPU = Release|Any CPU
	EndGlobalSection
	GlobalSection(ProjectConfigurationPlatforms) = postSolution
		{4000582E-6CDD-4AC4-BC73-F8D45753F0AC}.Debug|Any CPU.ActiveCfg = Debug|Any CPU
		{4000582E-6CDD-4AC4-BC73-F8D45753F0AC}.Debug|Any CPU.Build.0 = Debug|Any CPU
		{4000582E-6CDD-4AC4-BC73-F8D45753F0AC}.Release|Any CPU.ActiveCfg = Release|Any CPU
		{4000582E-6CDD-4AC4-BC73-F8D45753F0AC}.Release|Any CPU.Build.0 = Release|Any CPU
		{6B10A55F-8E20-4DC9-A72A-BB7CCBB335E9}.Debug|Any CPU.ActiveCfg = Debug|Any CPU
		{6B10A55F-8E20-4DC9-A72A-BB7CCBB335E9}.Debug|Any CPU.Build.0 = Debug|Any CPU
		{6B10A55F-8E20-4DC9-A72A-BB7CCBB335E9}.Release|Any CPU.ActiveCfg = Release|Any CPU
		{6B10A55F-8E20-4DC9-A72A-BB7CCBB335E9}.Release|Any CPU.Build.0 = Release|Any CPU
	EndGlobalSection
	GlobalSection(SolutionProperties) = preSolution
		HideSolutionNode = FALSE
	EndGlobalSection
	GlobalSection(ExtensibilityGlobals) = postSolution
		SolutionGuid = {A88AF3FB-2D78-4EC5-A0B8-5623F9D930CC}
	EndGlobalSection
EndGlobal
